
Microsoft Visual Studio Solution File, Format Version 12.00
# Visual Studio 14
VisualStudioVersion = 14.0.25420.1
MinimumVisualStudioVersion = 10.0.40219.1
Project("{FAE04EC0-301F-11D3-BF4B-00C04F79EFBC}") = "Study", "Study\Study.csproj", "{59F5872F-A401-4B50-B2D9-6376D3F4B07B}"
EndProject
Project("{FAE04EC0-301F-11D3-BF4B-00C04F79EFBC}") = "비동기루프", "비동기루프\비동기루프.csproj", "{0B4675DD-0C5E-4156-86D6-D6927A455A8F}"
EndProject
Project("{FAE04EC0-301F-11D3-BF4B-00C04F79EFBC}") = "열거형객체", "열거형객체\열거형객체.csproj", "{B3A988AC-F6C5-4D54-BAB9-B869D1E4D238}"
EndProject
Project("{FAE04EC0-301F-11D3-BF4B-00C04F79EFBC}") = "형변환", "형변환\형변환.csproj", "{6242F903-9855-4E2F-AD6E-15185B0B3300}"
EndProject
Project("{FAE04EC0-301F-11D3-BF4B-00C04F79EFBC}") = "포인터사용", "포인터사용\포인터사용.csproj", "{09A3DCD2-28A5-4CE5-8C40-811A5FA725E6}"
EndProject
Project("{FAE04EC0-301F-11D3-BF4B-00C04F79EFBC}") = "using_IDisposable", "using_IDisposable\using_IDisposable.csproj", "{1C70816C-E663-41B5-9D3E-8DC3E2160AA2}"
EndProject
Project("{FAE04EC0-301F-11D3-BF4B-00C04F79EFBC}") = "LINQ", "LINQ\LINQ.csproj", "{427B5995-0C6E-4DE3-B017-2BB391B66C81}"
EndProject
Project("{FAE04EC0-301F-11D3-BF4B-00C04F79EFBC}") = "인자에 함수전달", "인자에 함수전달\인자에 함수전달.csproj", "{10B12081-6FD9-4F5D-94D0-607E905045B3}"
EndProject
Project("{FAE04EC0-301F-11D3-BF4B-00C04F79EFBC}") = "생성자_Create", "생성자_Create\생성자_Create.csproj", "{8A79AF03-D2A1-42B1-B527-2EEB3A30C7AF}"
EndProject
Project("{FAE04EC0-301F-11D3-BF4B-00C04F79EFBC}") = "컬렉션반환_IEumerable", "컬렉션반환_IEumerable\컬렉션반환_IEumerable.csproj", "{94EBFAE4-0E47-4E27-8C55-B64F7BDED243}"
EndProject
Project("{FAE04EC0-301F-11D3-BF4B-00C04F79EFBC}") = "WinAPI호출", "WinAPI호출\WinAPI호출.csproj", "{45D4AEF1-8D0A-404F-8078-98CFDDE70385}"
EndProject
Project("{FAE04EC0-301F-11D3-BF4B-00C04F79EFBC}") = "LINQtoXML", "LINQtoXML\LINQtoXML.csproj", "{E0D5F1C8-2403-4120-A0A9-CEAAD5991956}"
EndProject
Project("{FAE04EC0-301F-11D3-BF4B-00C04F79EFBC}") = "바이너리시리얼라이즈", "바이너리시리얼라이즈\바이너리시리얼라이즈.csproj", "{DA99114E-BD86-4DB3-AC35-AE8D5279FF2B}"
EndProject
Project("{FAE04EC0-301F-11D3-BF4B-00C04F79EFBC}") = "바이너리시리얼라이즈2_json", "바이너리시리얼라이즈2_json\바이너리시리얼라이즈2_json.csproj", "{BC7DE9EF-BB8D-4AA4-A0EE-678A89EC768B}"
EndProject
Project("{FAE04EC0-301F-11D3-BF4B-00C04F79EFBC}") = "LINQ2", "LINQ2\LINQ2.csproj", "{6B87E39A-CBFA-4A1D-B1A8-4BCC4C63FD69}"
EndProject
Project("{FAE04EC0-301F-11D3-BF4B-00C04F79EFBC}") = "ToArray", "ToArray\ToArray.csproj", "{1E3C7BED-B10C-4545-BEC2-3F84C95C82F6}"
EndProject
Project("{FAE04EC0-301F-11D3-BF4B-00C04F79EFBC}") = "LINQ3_Count", "LINQ3_Count\LINQ3_Count.csproj", "{D5873348-25E9-4CC1-A8CA-11CDFB18E613}"
EndProject
Global
	GlobalSection(SolutionConfigurationPlatforms) = preSolution
		Debug|Any CPU = Debug|Any CPU
		Release|Any CPU = Release|Any CPU
	EndGlobalSection
	GlobalSection(ProjectConfigurationPlatforms) = postSolution
		{59F5872F-A401-4B50-B2D9-6376D3F4B07B}.Debug|Any CPU.ActiveCfg = Debug|Any CPU
		{59F5872F-A401-4B50-B2D9-6376D3F4B07B}.Debug|Any CPU.Build.0 = Debug|Any CPU
		{59F5872F-A401-4B50-B2D9-6376D3F4B07B}.Release|Any CPU.ActiveCfg = Release|Any CPU
		{59F5872F-A401-4B50-B2D9-6376D3F4B07B}.Release|Any CPU.Build.0 = Release|Any CPU
		{0B4675DD-0C5E-4156-86D6-D6927A455A8F}.Debug|Any CPU.ActiveCfg = Debug|Any CPU
		{0B4675DD-0C5E-4156-86D6-D6927A455A8F}.Debug|Any CPU.Build.0 = Debug|Any CPU
		{0B4675DD-0C5E-4156-86D6-D6927A455A8F}.Release|Any CPU.ActiveCfg = Release|Any CPU
		{0B4675DD-0C5E-4156-86D6-D6927A455A8F}.Release|Any CPU.Build.0 = Release|Any CPU
		{B3A988AC-F6C5-4D54-BAB9-B869D1E4D238}.Debug|Any CPU.ActiveCfg = Debug|Any CPU
		{B3A988AC-F6C5-4D54-BAB9-B869D1E4D238}.Debug|Any CPU.Build.0 = Debug|Any CPU
		{B3A988AC-F6C5-4D54-BAB9-B869D1E4D238}.Release|Any CPU.ActiveCfg = Release|Any CPU
		{B3A988AC-F6C5-4D54-BAB9-B869D1E4D238}.Release|Any CPU.Build.0 = Release|Any CPU
		{6242F903-9855-4E2F-AD6E-15185B0B3300}.Debug|Any CPU.ActiveCfg = Debug|Any CPU
		{6242F903-9855-4E2F-AD6E-15185B0B3300}.Debug|Any CPU.Build.0 = Debug|Any CPU
		{6242F903-9855-4E2F-AD6E-15185B0B3300}.Release|Any CPU.ActiveCfg = Release|Any CPU
		{6242F903-9855-4E2F-AD6E-15185B0B3300}.Release|Any CPU.Build.0 = Release|Any CPU
		{09A3DCD2-28A5-4CE5-8C40-811A5FA725E6}.Debug|Any CPU.ActiveCfg = Debug|Any CPU
		{09A3DCD2-28A5-4CE5-8C40-811A5FA725E6}.Debug|Any CPU.Build.0 = Debug|Any CPU
		{09A3DCD2-28A5-4CE5-8C40-811A5FA725E6}.Release|Any CPU.ActiveCfg = Release|Any CPU
		{09A3DCD2-28A5-4CE5-8C40-811A5FA725E6}.Release|Any CPU.Build.0 = Release|Any CPU
		{1C70816C-E663-41B5-9D3E-8DC3E2160AA2}.Debug|Any CPU.ActiveCfg = Debug|Any CPU
		{1C70816C-E663-41B5-9D3E-8DC3E2160AA2}.Debug|Any CPU.Build.0 = Debug|Any CPU
		{1C70816C-E663-41B5-9D3E-8DC3E2160AA2}.Release|Any CPU.ActiveCfg = Release|Any CPU
		{1C70816C-E663-41B5-9D3E-8DC3E2160AA2}.Release|Any CPU.Build.0 = Release|Any CPU
		{427B5995-0C6E-4DE3-B017-2BB391B66C81}.Debug|Any CPU.ActiveCfg = Debug|Any CPU
		{427B5995-0C6E-4DE3-B017-2BB391B66C81}.Debug|Any CPU.Build.0 = Debug|Any CPU
		{427B5995-0C6E-4DE3-B017-2BB391B66C81}.Release|Any CPU.ActiveCfg = Release|Any CPU
		{427B5995-0C6E-4DE3-B017-2BB391B66C81}.Release|Any CPU.Build.0 = Release|Any CPU
		{10B12081-6FD9-4F5D-94D0-607E905045B3}.Debug|Any CPU.ActiveCfg = Debug|Any CPU
		{10B12081-6FD9-4F5D-94D0-607E905045B3}.Debug|Any CPU.Build.0 = Debug|Any CPU
		{10B12081-6FD9-4F5D-94D0-607E905045B3}.Release|Any CPU.ActiveCfg = Release|Any CPU
		{10B12081-6FD9-4F5D-94D0-607E905045B3}.Release|Any CPU.Build.0 = Release|Any CPU
		{8A79AF03-D2A1-42B1-B527-2EEB3A30C7AF}.Debug|Any CPU.ActiveCfg = Debug|Any CPU
		{8A79AF03-D2A1-42B1-B527-2EEB3A30C7AF}.Debug|Any CPU.Build.0 = Debug|Any CPU
		{8A79AF03-D2A1-42B1-B527-2EEB3A30C7AF}.Release|Any CPU.ActiveCfg = Release|Any CPU
		{8A79AF03-D2A1-42B1-B527-2EEB3A30C7AF}.Release|Any CPU.Build.0 = Release|Any CPU
		{94EBFAE4-0E47-4E27-8C55-B64F7BDED243}.Debug|Any CPU.ActiveCfg = Debug|Any CPU
		{94EBFAE4-0E47-4E27-8C55-B64F7BDED243}.Debug|Any CPU.Build.0 = Debug|Any CPU
		{94EBFAE4-0E47-4E27-8C55-B64F7BDED243}.Release|Any CPU.ActiveCfg = Release|Any CPU
		{94EBFAE4-0E47-4E27-8C55-B64F7BDED243}.Release|Any CPU.Build.0 = Release|Any CPU
		{45D4AEF1-8D0A-404F-8078-98CFDDE70385}.Debug|Any CPU.ActiveCfg = Debug|Any CPU
		{45D4AEF1-8D0A-404F-8078-98CFDDE70385}.Debug|Any CPU.Build.0 = Debug|Any CPU
		{45D4AEF1-8D0A-404F-8078-98CFDDE70385}.Release|Any CPU.ActiveCfg = Release|Any CPU
		{45D4AEF1-8D0A-404F-8078-98CFDDE70385}.Release|Any CPU.Build.0 = Release|Any CPU
		{E0D5F1C8-2403-4120-A0A9-CEAAD5991956}.Debug|Any CPU.ActiveCfg = Debug|Any CPU
		{E0D5F1C8-2403-4120-A0A9-CEAAD5991956}.Debug|Any CPU.Build.0 = Debug|Any CPU
		{E0D5F1C8-2403-4120-A0A9-CEAAD5991956}.Release|Any CPU.ActiveCfg = Release|Any CPU
		{E0D5F1C8-2403-4120-A0A9-CEAAD5991956}.Release|Any CPU.Build.0 = Release|Any CPU
		{DA99114E-BD86-4DB3-AC35-AE8D5279FF2B}.Debug|Any CPU.ActiveCfg = Debug|Any CPU
		{DA99114E-BD86-4DB3-AC35-AE8D5279FF2B}.Debug|Any CPU.Build.0 = Debug|Any CPU
		{DA99114E-BD86-4DB3-AC35-AE8D5279FF2B}.Release|Any CPU.ActiveCfg = Release|Any CPU
		{DA99114E-BD86-4DB3-AC35-AE8D5279FF2B}.Release|Any CPU.Build.0 = Release|Any CPU
		{BC7DE9EF-BB8D-4AA4-A0EE-678A89EC768B}.Debug|Any CPU.ActiveCfg = Debug|Any CPU
		{BC7DE9EF-BB8D-4AA4-A0EE-678A89EC768B}.Debug|Any CPU.Build.0 = Debug|Any CPU
		{BC7DE9EF-BB8D-4AA4-A0EE-678A89EC768B}.Release|Any CPU.ActiveCfg = Release|Any CPU
		{BC7DE9EF-BB8D-4AA4-A0EE-678A89EC768B}.Release|Any CPU.Build.0 = Release|Any CPU
		{6B87E39A-CBFA-4A1D-B1A8-4BCC4C63FD69}.Debug|Any CPU.ActiveCfg = Debug|Any CPU
		{6B87E39A-CBFA-4A1D-B1A8-4BCC4C63FD69}.Debug|Any CPU.Build.0 = Debug|Any CPU
		{6B87E39A-CBFA-4A1D-B1A8-4BCC4C63FD69}.Release|Any CPU.ActiveCfg = Release|Any CPU
		{6B87E39A-CBFA-4A1D-B1A8-4BCC4C63FD69}.Release|Any CPU.Build.0 = Release|Any CPU
		{1E3C7BED-B10C-4545-BEC2-3F84C95C82F6}.Debug|Any CPU.ActiveCfg = Debug|Any CPU
		{1E3C7BED-B10C-4545-BEC2-3F84C95C82F6}.Debug|Any CPU.Build.0 = Debug|Any CPU
		{1E3C7BED-B10C-4545-BEC2-3F84C95C82F6}.Release|Any CPU.ActiveCfg = Release|Any CPU
		{1E3C7BED-B10C-4545-BEC2-3F84C95C82F6}.Release|Any CPU.Build.0 = Release|Any CPU
		{D5873348-25E9-4CC1-A8CA-11CDFB18E613}.Debug|Any CPU.ActiveCfg = Debug|Any CPU
		{D5873348-25E9-4CC1-A8CA-11CDFB18E613}.Debug|Any CPU.Build.0 = Debug|Any CPU
		{D5873348-25E9-4CC1-A8CA-11CDFB18E613}.Release|Any CPU.ActiveCfg = Release|Any CPU
		{D5873348-25E9-4CC1-A8CA-11CDFB18E613}.Release|Any CPU.Build.0 = Release|Any CPU
	EndGlobalSection
	GlobalSection(SolutionProperties) = preSolution
		HideSolutionNode = FALSE
	EndGlobalSection
	GlobalSection(ExtensibilityGlobals) = postSolution
		SolutionGuid = {27F19E5F-91B0-4CEE-B398-4C5EFBFC518D}
	EndGlobalSection
EndGlobal
