
Microsoft Visual Studio Solution File, Format Version 12.00
# Visual Studio 15
VisualStudioVersion = 15.0.26730.10
MinimumVisualStudioVersion = 10.0.40219.1
Project("{FAE04EC0-301F-11D3-BF4B-00C04F79EFBC}") = "열거형", "열거형\열거형.csproj", "{FB1E5A98-F2BE-4A03-9C12-AF7AC3DC1F2F}"
EndProject
Global
	GlobalSection(SolutionConfigurationPlatforms) = preSolution
		Debug|Any CPU = Debug|Any CPU
		Release|Any CPU = Release|Any CPU
	EndGlobalSection
	GlobalSection(ProjectConfigurationPlatforms) = postSolution
		{FB1E5A98-F2BE-4A03-9C12-AF7AC3DC1F2F}.Debug|Any CPU.ActiveCfg = Debug|Any CPU
		{FB1E5A98-F2BE-4A03-9C12-AF7AC3DC1F2F}.Debug|Any CPU.Build.0 = Debug|Any CPU
		{FB1E5A98-F2BE-4A03-9C12-AF7AC3DC1F2F}.Release|Any CPU.ActiveCfg = Release|Any CPU
		{FB1E5A98-F2BE-4A03-9C12-AF7AC3DC1F2F}.Release|Any CPU.Build.0 = Release|Any CPU
	EndGlobalSection
	GlobalSection(SolutionProperties) = preSolution
		HideSolutionNode = FALSE
	EndGlobalSection
	GlobalSection(ExtensibilityGlobals) = postSolution
		SolutionGuid = {0D782967-AB6C-4D7A-B903-3D74D18D4445}
	EndGlobalSection
EndGlobal
